{
    "_meta": {
        "hash": {
            "sha256": "5d459974957829da0d917c570f7b32ecab5afc7a1c9c099a7345b483b089858e"
        },
        "pipfile-spec": 6,
        "requires": {
            "python_version": "2.7"
        },
        "sources": [
            {
                "name": "pypi",
                "url": "https://pypi.org/simple",
                "verify_ssl": true
            }
        ]
    },
    "default": {
        "psycopg2-binary": {
            "hashes": [
                "sha256:649199c84a966917d86cdc2046e03d536763576c0b2a756059ae0b3a9656bc20"
            ],
            "index": "pypi",
            "version": "==2.7.6.1"
        }
    },
    "develop": {}
}
